Microsoft Visual Studio Solution File, Format Version 12.00
# Visual Studio Version 17
VisualStudioVersion = 17.14.36414.22
MinimumVisualStudioVersion = 10.0.40219.1

Project("{FAE04EC0-301F-11D3-BF4B-00C04F79EFBC}") = "HexagonalApp", "HexagonalApp\HexagonalApp.csproj", "{DD5A7DD0-8A79-C735-05B1-A71B82116FE6}"
EndProject
Project("{FAE04EC0-301F-11D3-BF4B-00C04F79EFBC}") = "OnionApp", "OnionApp\OnionApp.csproj", "{E9883101-38BE-EF0F-DCB8-06E7B14EC76F}"
EndProject

Global
	GlobalSection(SolutionConfigurationPlatforms) = preSolution
		Debug|Any CPU = Debug|Any CPU
		Release|Any CPU = Release|Any CPU
	EndGlobalSection
	GlobalSection(ProjectConfigurationPlatforms) = postSolution
		{DD5A7DD0-8A79-C735-05B1-A71B82116FE6}.Debug|Any CPU.ActiveCfg = Debug|Any CPU
		{DD5A7DD0-8A79-C735-05B1-A71B82116FE6}.Debug|Any CPU.Build.0 = Debug|Any CPU
		{DD5A7DD0-8A79-C735-05B1-A71B82116FE6}.Release|Any CPU.ActiveCfg = Release|Any CPU
		{DD5A7DD0-8A79-C735-05B1-A71B82116FE6}.Release|Any CPU.Build.0 = Release|Any CPU
		{E9883101-38BE-EF0F-DCB8-06E7B14EC76F}.Debug|Any CPU.ActiveCfg = Debug|Any CPU
		{E9883101-38BE-EF0F-DCB8-06E7B14EC76F}.Debug|Any CPU.Build.0 = Debug|Any CPU
		{E9883101-38BE-EF0F-DCB8-06E7B14EC76F}.Release|Any CPU.ActiveCfg = Release|Any CPU
		{E9883101-38BE-EF0F-DCB8-06E7B14EC76F}.Release|Any CPU.Build.0 = Release|Any CPU
		{XXXXXXXX-XXXX-XXXX-XXXX-XXXXXXXXXXXX}.Debug|Any CPU.ActiveCfg = Debug|Any CPU
		{XXXXXXXX-XXXX-XXXX-XXXX-XXXXXXXXXXXX}.Debug|Any CPU.Build.0 = Debug|Any CPU
		{XXXXXXXX-XXXX-XXXX-XXXX-XXXXXXXXXXXX}.Release|Any CPU.ActiveCfg = Release|Any CPU
		{XXXXXXXX-XXXX-XXXX-XXXX-XXXXXXXXXXXX}.Release|Any CPU.Build.0 = Release|Any CPU
	EndGlobalSection
	GlobalSection(SolutionProperties) = preSolution
		HideSolutionNode = FALSE
	EndGlobalSection
	GlobalSection(ExtensibilityGlobals) = postSolution
		SolutionGuid = {82F88DE5-B58F-4C33-B47F-12035269AE8E}
	EndGlobalSection
EndGlobal
